
Microsoft Visual Studio Solution File, Format Version 12.00
# Visual Studio 15
VisualStudioVersion = 15.0.27004.2002
MinimumVisualStudioVersion = 10.0.40219.1
Project("{FAE04EC0-301F-11D3-BF4B-00C04F79EFBC}") = "Dog Race", "Dog Race\Dog Race.csproj", "{BB611655-AFC5-4544-B8B0-76A70B17E133}"
EndProject
Global
	GlobalSection(SolutionConfigurationPlatforms) = preSolution
		Debug|Any CPU = Debug|Any CPU
		Release|Any CPU = Release|Any CPU
	EndGlobalSection
	GlobalSection(ProjectConfigurationPlatforms) = postSolution
		{BB611655-AFC5-4544-B8B0-76A70B17E133}.Debug|Any CPU.ActiveCfg = Debug|Any CPU
		{BB611655-AFC5-4544-B8B0-76A70B17E133}.Debug|Any CPU.Build.0 = Debug|Any CPU
		{BB611655-AFC5-4544-B8B0-76A70B17E133}.Release|Any CPU.ActiveCfg = Release|Any CPU
		{BB611655-AFC5-4544-B8B0-76A70B17E133}.Release|Any CPU.Build.0 = Release|Any CPU
	EndGlobalSection
	GlobalSection(SolutionProperties) = preSolution
		HideSolutionNode = FALSE
	EndGlobalSection
	GlobalSection(ExtensibilityGlobals) = postSolution
		SolutionGuid = {D4B70EE7-6FCF-4341-885F-028BA297F107}
	EndGlobalSection
EndGlobal
